// !$*UTF8*$!
{
	archiveVersion = 1;
	classes = {
	};
	objectVersion = 54;
	objects = {

/* Begin PBXBuildFile section */
		00A1262A5AFD46D0AD0812EF /* Pods_RunnerTests.framework in Frameworks */ = {isa = PBXBuildFile; fileRef = E8E30408764B09C25EBA82AA /* Pods_RunnerTests.framework */; };
		1498D2341E8E89220040F4C2 /* GeneratedPluginRegistrant.m in Sources */ = {isa = PBXBuildFile; fileRef = 1498D2331E8E89220040F4C2 /* GeneratedPluginRegistrant.m */; };
		331C808B294A63AB00263BE5 /* RunnerTests.swift in Sources */ = {isa = PBXBuildFile; fileRef = 331C807B294A618700263BE5 /* RunnerTests.swift */; };
		3B3967161E833CAA004F5970 /* AppFrameworkInfo.plist in Resources */ = {isa = PBXBuildFile; fileRef = 3B3967151E833CAA004F5970 /* AppFrameworkInfo.plist */; };
		5CA5DB674D59C6B2C8540DA3 /* Pods_Runner.framework in Frameworks */ = {isa = PBXBuildFile; fileRef = 8DE5775B862B4F44CE29D4B4 /* Pods_Runner.framework */; };
		74858FAF1ED2DC5600515810 /* AppDelegate.swift in Sources */ = {isa = PBXBuildFile; fileRef = 74858FAE1ED2DC5600515810 /* AppDelegate.swift */; };
		8749941F2C90ABAF001A8820 /* Messages.framework in Frameworks */ = {isa = PBXBuildFile; fileRef = 8749941E2C90ABAE001A8820 /* Messages.framework */; };
		874994222C90ABAF001A8820 /* MessagesViewController.swift in Sources */ = {isa = PBXBuildFile; fileRef = 874994212C90ABAF001A8820 /* MessagesViewController.swift */; };
		874994252C90ABAF001A8820 /* Base in Resources */ = {isa = PBXBuildFile; fileRef = 874994242C90ABAF001A8820 /* Base */; };
		874994272C90ABB0001A8820 /* Assets.xcassets in Resources */ = {isa = PBXBuildFile; fileRef = 874994262C90ABB0001A8820 /* Assets.xcassets */; };
		8749942B2C90ABB0001A8820 /* PlinPack.appex in Embed Foundation Extensions */ = {isa = PBXBuildFile; fileRef = 8749941D2C90ABAE001A8820 /* PlinPack.appex */; settings = {ATTRIBUTES = (RemoveHeadersOnCopy, ); }; };
		874994332C90B594001A8820 /* PlinVC.swift in Sources */ = {isa = PBXBuildFile; fileRef = 874994322C90B594001A8820 /* PlinVC.swift */; };
		874994772C90B670001A8820 /* balloon_a_1.png in Resources */ = {isa = PBXBuildFile; fileRef = 874994342C90B66C001A8820 /* balloon_a_1.png */; };
		874994782C90B670001A8820 /* square_b_8.png in Resources */ = {isa = PBXBuildFile; fileRef = 874994352C90B66C001A8820 /* square_b_8.png */; };
		874994792C90B670001A8820 /* ball_a_9.png in Resources */ = {isa = PBXBuildFile; fileRef = 874994362C90B66C001A8820 /* ball_a_9.png */; };
		8749947A2C90B670001A8820 /* ball_a_4.png in Resources */ = {isa = PBXBuildFile; fileRef = 874994372C90B66C001A8820 /* ball_a_4.png */; };
		8749947B2C90B670001A8820 /* ball_b_7.png in Resources */ = {isa = PBXBuildFile; fileRef = 874994382C90B66C001A8820 /* ball_b_7.png */; };
		8749947C2C90B670001A8820 /* square_a_8.png in Resources */ = {isa = PBXBuildFile; fileRef = 874994392C90B66D001A8820 /* square_a_8.png */; };
		8749947D2C90B670001A8820 /* balloon_b_4.png in Resources */ = {isa = PBXBuildFile; fileRef = 8749943A2C90B66D001A8820 /* balloon_b_4.png */; };
		8749947E2C90B670001A8820 /* balloon_a_9.png in Resources */ = {isa = PBXBuildFile; fileRef = 8749943B2C90B66D001A8820 /* balloon_a_9.png */; };
		8749947F2C90B670001A8820 /* balloon_a_7.png in Resources */ = {isa = PBXBuildFile; fileRef = 8749943C2C90B66D001A8820 /* balloon_a_7.png */; };
		874994802C90B670001A8820 /* square_a_1.png in Resources */ = {isa = PBXBuildFile; fileRef = 8749943D2C90B66D001A8820 /* square_a_1.png */; };
		874994812C90B670001A8820 /* square_b_4.png in Resources */ = {isa = PBXBuildFile; fileRef = 8749943E2C90B66D001A8820 /* square_b_4.png */; };
		874994822C90B670001A8820 /* triangle_a_8.png in Resources */ = {isa = PBXBuildFile; fileRef = 8749943F2C90B66D001A8820 /* triangle_a_8.png */; };
		874994832C90B670001A8820 /* balloon_a_2.png in Resources */ = {isa = PBXBuildFile; fileRef = 874994402C90B66D001A8820 /* balloon_a_2.png */; };
		874994842C90B670001A8820 /* triangle_b_1.png in Resources */ = {isa = PBXBuildFile; fileRef = 874994412C90B66D001A8820 /* triangle_b_1.png */; };
		874994852C90B670001A8820 /* balloon_b_6.png in Resources */ = {isa = PBXBuildFile; fileRef = 874994422C90B66D001A8820 /* balloon_b_6.png */; };
		874994862C90B670001A8820 /* triangle_a_3.png in Resources */ = {isa = PBXBuildFile; fileRef = 874994432C90B66D001A8820 /* triangle_a_3.png */; };
		874994872C90B670001A8820 /* balloon_a_4.png in Resources */ = {isa = PBXBuildFile; fileRef = 874994442C90B66D001A8820 /* balloon_a_4.png */; };
		874994882C90B670001A8820 /* ball_a_7.png in Resources */ = {isa = PBXBuildFile; fileRef = 874994452C90B66D001A8820 /* ball_a_7.png */; };
		874994892C90B670001A8820 /* square_b_9.png in Resources */ = {isa = PBXBuildFile; fileRef = 874994462C90B66D001A8820 /* square_b_9.png */; };
		8749948A2C90B670001A8820 /* balloon_b_3.png in Resources */ = {isa = PBXBuildFile; fileRef = 874994472C90B66D001A8820 /* balloon_b_3.png */; };
		8749948B2C90B670001A8820 /* square_a_6.png in Resources */ = {isa = PBXBuildFile; fileRef = 874994482C90B66D001A8820 /* square_a_6.png */; };
		8749948C2C90B670001A8820 /* square_b_7.png in Resources */ = {isa = PBXBuildFile; fileRef = 874994492C90B66E001A8820 /* square_b_7.png */; };
		8749948D2C90B670001A8820 /* ball_a_6.png in Resources */ = {isa = PBXBuildFile; fileRef = 8749944A2C90B66E001A8820 /* ball_a_6.png */; };
		8749948E2C90B670001A8820 /* ball_a_2.png in Resources */ = {isa = PBXBuildFile; fileRef = 8749944B2C90B66E001A8820 /* ball_a_2.png */; };
		8749948F2C90B670001A8820 /* ball_b_5.png in Resources */ = {isa = PBXBuildFile; fileRef = 8749944C2C90B66E001A8820 /* ball_b_5.png */; };
		874994902C90B670001A8820 /* triangle_b_5.png in Resources */ = {isa = PBXBuildFile; fileRef = 8749944D2C90B66E001A8820 /* triangle_b_5.png */; };
		874994912C90B670001A8820 /* ball_b_4.png in Resources */ = {isa = PBXBuildFile; fileRef = 8749944E2C90B66E001A8820 /* ball_b_4.png */; };
		874994922C90B670001A8820 /* balloon_b_7.png in Resources */ = {isa = PBXBuildFile; fileRef = 8749944F2C90B66E001A8820 /* balloon_b_7.png */; };
		874994932C90B670001A8820 /* triangle_b_3.png in Resources */ = {isa = PBXBuildFile; fileRef = 874994502C90B66E001A8820 /* triangle_b_3.png */; };
		874994942C90B670001A8820 /* ball_b_8.png in Resources */ = {isa = PBXBuildFile; fileRef = 874994512C90B66E001A8820 /* ball_b_8.png */; };
		874994952C90B670001A8820 /* square_a_4.png in Resources */ = {isa = PBXBuildFile; fileRef = 874994522C90B66E001A8820 /* square_a_4.png */; };
		874994962C90B670001A8820 /* square_b_5.png in Resources */ = {isa = PBXBuildFile; fileRef = 874994532C90B66E001A8820 /* square_b_5.png */; };
		874994972C90B670001A8820 /* ball_b_2.png in Resources */ = {isa = PBXBuildFile; fileRef = 874994542C90B66E001A8820 /* ball_b_2.png */; };
		874994982C90B670001A8820 /* ball_a_5.png in Resources */ = {isa = PBXBuildFile; fileRef = 874994552C90B66E001A8820 /* ball_a_5.png */; };
		874994992C90B670001A8820 /* ball_b_3.png in Resources */ = {isa = PBXBuildFile; fileRef = 874994562C90B66E001A8820 /* ball_b_3.png */; };
		8749949A2C90B670001A8820 /* triangle_a_5.png in Resources */ = {isa = PBXBuildFile; fileRef = 874994572C90B66E001A8820 /* triangle_a_5.png */; };
		8749949B2C90B670001A8820 /* triangle_a_7.png in Resources */ = {isa = PBXBuildFile; fileRef = 874994582C90B66E001A8820 /* triangle_a_7.png */; };
		8749949C2C90B670001A8820 /* triangle_a_2.png in Resources */ = {isa = PBXBuildFile; fileRef = 874994592C90B66E001A8820 /* triangle_a_2.png */; };
		8749949D2C90B670001A8820 /* balloon_b_5.png in Resources */ = {isa = PBXBuildFile; fileRef = 8749945A2C90B66E001A8820 /* balloon_b_5.png */; };
		8749949E2C90B670001A8820 /* ball_a_8.png in Resources */ = {isa = PBXBuildFile; fileRef = 8749945B2C90B66E001A8820 /* ball_a_8.png */; };
		8749949F2C90B670001A8820 /* square_a_3.png in Resources */ = {isa = PBXBuildFile; fileRef = 8749945C2C90B66F001A8820 /* square_a_3.png */; };
		874994A02C90B670001A8820 /* triangle_b_2.png in Resources */ = {isa = PBXBuildFile; fileRef = 8749945D2C90B66F001A8820 /* triangle_b_2.png */; };
		874994A12C90B670001A8820 /* triangle_a_4.png in Resources */ = {isa = PBXBuildFile; fileRef = 8749945E2C90B66F001A8820 /* triangle_a_4.png */; };
		874994A22C90B670001A8820 /* square_a_9.png in Resources */ = {isa = PBXBuildFile; fileRef = 8749945F2C90B66F001A8820 /* square_a_9.png */; };
		874994A32C90B670001A8820 /* triangle_b_4.png in Resources */ = {isa = PBXBuildFile; fileRef = 874994602C90B66F001A8820 /* triangle_b_4.png */; };
		874994A42C90B670001A8820 /* ball_a_3.png in Resources */ = {isa = PBXBuildFile; fileRef = 874994612C90B66F001A8820 /* ball_a_3.png */; };
		874994A52C90B670001A8820 /* balloon_a_5.png in Resources */ = {isa = PBXBuildFile; fileRef = 874994622C90B66F001A8820 /* balloon_a_5.png */; };
		874994A62C90B670001A8820 /* triangle_a_9.png in Resources */ = {isa = PBXBuildFile; fileRef = 874994632C90B66F001A8820 /* triangle_a_9.png */; };
		874994A72C90B670001A8820 /* triangle_a_1.png in Resources */ = {isa = PBXBuildFile; fileRef = 874994642C90B66F001A8820 /* triangle_a_1.png */; };
		874994A82C90B670001A8820 /* square_b_2.png in Resources */ = {isa = PBXBuildFile; fileRef = 874994652C90B66F001A8820 /* square_b_2.png */; };
		874994A92C90B670001A8820 /* square_a_7.png in Resources */ = {isa = PBXBuildFile; fileRef = 874994662C90B66F001A8820 /* square_a_7.png */; };
		874994AA2C90B670001A8820 /* balloon_a_6.png in Resources */ = {isa = PBXBuildFile; fileRef = 874994672C90B66F001A8820 /* balloon_a_6.png */; };
		874994AB2C90B670001A8820 /* triangle_b_6.png in Resources */ = {isa = PBXBuildFile; fileRef = 874994682C90B66F001A8820 /* triangle_b_6.png */; };
		874994AC2C90B670001A8820 /* balloon_a_8.png in Resources */ = {isa = PBXBuildFile; fileRef = 874994692C90B66F001A8820 /* balloon_a_8.png */; };
		874994AD2C90B670001A8820 /* triangle_a_6.png in Resources */ = {isa = PBXBuildFile; fileRef = 8749946A2C90B66F001A8820 /* triangle_a_6.png */; };
		874994AE2C90B670001A8820 /* ball_a_1.png in Resources */ = {isa = PBXBuildFile; fileRef = 8749946B2C90B66F001A8820 /* ball_a_1.png */; };
		874994AF2C90B670001A8820 /* square_b_3.png in Resources */ = {isa = PBXBuildFile; fileRef = 8749946C2C90B66F001A8820 /* square_b_3.png */; };
		874994B02C90B670001A8820 /* balloon_b_1.png in Resources */ = {isa = PBXBuildFile; fileRef = 8749946D2C90B66F001A8820 /* balloon_b_1.png */; };
		874994B12C90B670001A8820 /* square_b_1.png in Resources */ = {isa = PBXBuildFile; fileRef = 8749946E2C90B66F001A8820 /* square_b_1.png */; };
		874994B22C90B670001A8820 /* balloon_b_2.png in Resources */ = {isa = PBXBuildFile; fileRef = 8749946F2C90B670001A8820 /* balloon_b_2.png */; };
		874994B32C90B670001A8820 /* square_b_6.png in Resources */ = {isa = PBXBuildFile; fileRef = 874994702C90B670001A8820 /* square_b_6.png */; };
		874994B42C90B670001A8820 /* ball_b_9.png in Resources */ = {isa = PBXBuildFile; fileRef = 874994712C90B670001A8820 /* ball_b_9.png */; };
		874994B52C90B670001A8820 /* ball_b_1.png in Resources */ = {isa = PBXBuildFile; fileRef = 874994722C90B670001A8820 /* ball_b_1.png */; };
		874994B62C90B670001A8820 /* square_a_5.png in Resources */ = {isa = PBXBuildFile; fileRef = 874994732C90B670001A8820 /* square_a_5.png */; };
		874994B72C90B670001A8820 /* square_a_2.png in Resources */ = {isa = PBXBuildFile; fileRef = 874994742C90B670001A8820 /* square_a_2.png */; };
		874994B82C90B670001A8820 /* balloon_a_3.png in Resources */ = {isa = PBXBuildFile; fileRef = 874994752C90B670001A8820 /* balloon_a_3.png */; };
		874994B92C90B670001A8820 /* ball_b_6.png in Resources */ = {isa = PBXBuildFile; fileRef = 874994762C90B670001A8820 /* ball_b_6.png */; };
		97C146FC1CF9000F007C117D /* Main.storyboard in Resources */ = {isa = PBXBuildFile; fileRef = 97C146FA1CF9000F007C117D /* Main.storyboard */; };
		97C146FE1CF9000F007C117D /* Assets.xcassets in Resources */ = {isa = PBXBuildFile; fileRef = 97C146FD1CF9000F007C117D /* Assets.xcassets */; };
		97C147011CF9000F007C117D /* LaunchScreen.storyboard in Resources */ = {isa = PBXBuildFile; fileRef = 97C146FF1CF9000F007C117D /* LaunchScreen.storyboard */; };
/* End PBXBuildFile section */

/* Begin PBXContainerItemProxy section */
		331C8085294A63A400263BE5 /* PBXContainerItemProxy */ = {
			isa = PBXContainerItemProxy;
			containerPortal = 97C146E61CF9000F007C117D /* Project object */;
			proxyType = 1;
			remoteGlobalIDString = 97C146ED1CF9000F007C117D;
			remoteInfo = Runner;
		};
		874994292C90ABB0001A8820 /* PBXContainerItemProxy */ = {
			isa = PBXContainerItemProxy;
			containerPortal = 97C146E61CF9000F007C117D /* Project object */;
			proxyType = 1;
			remoteGlobalIDString = 8749941C2C90ABAE001A8820;
			remoteInfo = PlinPack;
		};
/* End PBXContainerItemProxy section */

/* Begin PBXCopyFilesBuildPhase section */
		874994302C90ABB0001A8820 /* Embed Foundation Extensions */ = {
			isa = PBXCopyFilesBuildPhase;
			buildActionMask = 2147483647;
			dstPath = "";
			dstSubfolderSpec = 13;
			files = (
				8749942B2C90ABB0001A8820 /* PlinPack.appex in Embed Foundation Extensions */,
			);
			name = "Embed Foundation Extensions";
			runOnlyForDeploymentPostprocessing = 0;
		};
		9705A1C41CF9048500538489 /* Embed Frameworks */ = {
			isa = PBXCopyFilesBuildPhase;
			buildActionMask = 2147483647;
			dstPath = "";
			dstSubfolderSpec = 10;
			files = (
			);
			name = "Embed Frameworks";
			runOnlyForDeploymentPostprocessing = 0;
		};
/* End PBXCopyFilesBuildPhase section */

/* Begin PBXFileReference section */
		1498D2321E8E86230040F4C2 /* GeneratedPluginRegistrant.h */ = {isa = PBXFileReference; lastKnownFileType = sourcecode.c.h; path = GeneratedPluginRegistrant.h; sourceTree = "<group>"; };
		1498D2331E8E89220040F4C2 /* GeneratedPluginRegistrant.m */ = {isa = PBXFileReference; fileEncoding = 4; lastKnownFileType = sourcecode.c.objc; path = GeneratedPluginRegistrant.m; sourceTree = "<group>"; };
		2A9E9E54428032A95AD056F7 /* Pods-RunnerTests.profile.xcconfig */ = {isa = PBXFileReference; includeInIndex = 1; lastKnownFileType = text.xcconfig; name = "Pods-RunnerTests.profile.xcconfig"; path = "Target Support Files/Pods-RunnerTests/Pods-RunnerTests.profile.xcconfig"; sourceTree = "<group>"; };
		331C807B294A618700263BE5 /* RunnerTests.swift */ = {isa = PBXFileReference; lastKnownFileType = sourcecode.swift; path = RunnerTests.swift; sourceTree = "<group>"; };
		331C8081294A63A400263BE5 /* RunnerTests.xctest */ = {isa = PBXFileReference; explicitFileType = wrapper.cfbundle; includeInIndex = 0; path = RunnerTests.xctest; sourceTree = BUILT_PRODUCTS_DIR; };
		3B3967151E833CAA004F5970 /* AppFrameworkInfo.plist */ = {isa = PBXFileReference; fileEncoding = 4; lastKnownFileType = text.plist.xml; name = AppFrameworkInfo.plist; path = Flutter/AppFrameworkInfo.plist; sourceTree = "<group>"; };
		74858FAD1ED2DC5600515810 /* Runner-Bridging-Header.h */ = {isa = PBXFileReference; lastKnownFileType = sourcecode.c.h; path = "Runner-Bridging-Header.h"; sourceTree = "<group>"; };
		74858FAE1ED2DC5600515810 /* AppDelegate.swift */ = {isa = PBXFileReference; fileEncoding = 4; lastKnownFileType = sourcecode.swift; path = AppDelegate.swift; sourceTree = "<group>"; };
		79FAB1C6B5470FDCC1386139 /* Pods-Runner.release.xcconfig */ = {isa = PBXFileReference; includeInIndex = 1; lastKnownFileType = text.xcconfig; name = "Pods-Runner.release.xcconfig"; path = "Target Support Files/Pods-Runner/Pods-Runner.release.xcconfig"; sourceTree = "<group>"; };
		7AFA3C8E1D35360C0083082E /* Release.xcconfig */ = {isa = PBXFileReference; lastKnownFileType = text.xcconfig; name = Release.xcconfig; path = Flutter/Release.xcconfig; sourceTree = "<group>"; };
		874994182C90AB4D001A8820 /* Runner.entitlements */ = {isa = PBXFileReference; lastKnownFileType = text.plist.entitlements; path = Runner.entitlements; sourceTree = "<group>"; };
		8749941D2C90ABAE001A8820 /* PlinPack.appex */ = {isa = PBXFileReference; explicitFileType = "wrapper.app-extension"; includeInIndex = 0; path = PlinPack.appex; sourceTree = BUILT_PRODUCTS_DIR; };
		8749941E2C90ABAE001A8820 /* Messages.framework */ = {isa = PBXFileReference; lastKnownFileType = wrapper.framework; name = Messages.framework; path = System/Library/Frameworks/Messages.framework; sourceTree = SDKROOT; };
		874994212C90ABAF001A8820 /* MessagesViewController.swift */ = {isa = PBXFileReference; lastKnownFileType = sourcecode.swift; path = MessagesViewController.swift; sourceTree = "<group>"; };
		874994242C90ABAF001A8820 /* Base */ = {isa = PBXFileReference; lastKnownFileType = file.storyboard; name = Base; path = Base.lproj/MainInterface.storyboard; sourceTree = "<group>"; };
		874994262C90ABB0001A8820 /* Assets.xcassets */ = {isa = PBXFileReference; lastKnownFileType = folder.assetcatalog; path = Assets.xcassets; sourceTree = "<group>"; };
		874994282C90ABB0001A8820 /* Info.plist */ = {isa = PBXFileReference; lastKnownFileType = text.plist.xml; path = Info.plist; sourceTree = "<group>"; };
		874994312C90ABBB001A8820 /* PlinPack.entitlements */ = {isa = PBXFileReference; lastKnownFileType = text.plist.entitlements; path = PlinPack.entitlements; sourceTree = "<group>"; };
		874994322C90B594001A8820 /* PlinVC.swift */ = {isa = PBXFileReference; lastKnownFileType = sourcecode.swift; path = PlinVC.swift; sourceTree = "<group>"; };
		874994342C90B66C001A8820 /* balloon_a_1.png */ = {isa = PBXFileReference; lastKnownFileType = image.png; name = balloon_a_1.png; path = ../../plin_assets/stickers/balloon_a_1.png; sourceTree = "<group>"; };
		874994352C90B66C001A8820 /* square_b_8.png */ = {isa = PBXFileReference; lastKnownFileType = image.png; name = square_b_8.png; path = ../../plin_assets/stickers/square_b_8.png; sourceTree = "<group>"; };
		874994362C90B66C001A8820 /* ball_a_9.png */ = {isa = PBXFileReference; lastKnownFileType = image.png; name = ball_a_9.png; path = ../../plin_assets/stickers/ball_a_9.png; sourceTree = "<group>"; };
		874994372C90B66C001A8820 /* ball_a_4.png */ = {isa = PBXFileReference; lastKnownFileType = image.png; name = ball_a_4.png; path = ../../plin_assets/stickers/ball_a_4.png; sourceTree = "<group>"; };
		874994382C90B66C001A8820 /* ball_b_7.png */ = {isa = PBXFileReference; lastKnownFileType = image.png; name = ball_b_7.png; path = ../../plin_assets/stickers/ball_b_7.png; sourceTree = "<group>"; };
		874994392C90B66D001A8820 /* square_a_8.png */ = {isa = PBXFileReference; lastKnownFileType = image.png; name = square_a_8.png; path = ../../plin_assets/stickers/square_a_8.png; sourceTree = "<group>"; };
		8749943A2C90B66D001A8820 /* balloon_b_4.png */ = {isa = PBXFileReference; lastKnownFileType = image.png; name = balloon_b_4.png; path = ../../plin_assets/stickers/balloon_b_4.png; sourceTree = "<group>"; };
		8749943B2C90B66D001A8820 /* balloon_a_9.png */ = {isa = PBXFileReference; lastKnownFileType = image.png; name = balloon_a_9.png; path = ../../plin_assets/stickers/balloon_a_9.png; sourceTree = "<group>"; };
		8749943C2C90B66D001A8820 /* balloon_a_7.png */ = {isa = PBXFileReference; lastKnownFileType = image.png; name = balloon_a_7.png; path = ../../plin_assets/stickers/balloon_a_7.png; sourceTree = "<group>"; };
		8749943D2C90B66D001A8820 /* square_a_1.png */ = {isa = PBXFileReference; lastKnownFileType = image.png; name = square_a_1.png; path = ../../plin_assets/stickers/square_a_1.png; sourceTree = "<group>"; };
		8749943E2C90B66D001A8820 /* square_b_4.png */ = {isa = PBXFileReference; lastKnownFileType = image.png; name = square_b_4.png; path = ../../plin_assets/stickers/square_b_4.png; sourceTree = "<group>"; };
		8749943F2C90B66D001A8820 /* triangle_a_8.png */ = {isa = PBXFileReference; lastKnownFileType = image.png; name = triangle_a_8.png; path = ../../plin_assets/stickers/triangle_a_8.png; sourceTree = "<group>"; };
		874994402C90B66D001A8820 /* balloon_a_2.png */ = {isa = PBXFileReference; lastKnownFileType = image.png; name = balloon_a_2.png; path = ../../plin_assets/stickers/balloon_a_2.png; sourceTree = "<group>"; };
		874994412C90B66D001A8820 /* triangle_b_1.png */ = {isa = PBXFileReference; lastKnownFileType = image.png; name = triangle_b_1.png; path = ../../plin_assets/stickers/triangle_b_1.png; sourceTree = "<group>"; };
		874994422C90B66D001A8820 /* balloon_b_6.png */ = {isa = PBXFileReference; lastKnownFileType = image.png; name = balloon_b_6.png; path = ../../plin_assets/stickers/balloon_b_6.png; sourceTree = "<group>"; };
		874994432C90B66D001A8820 /* triangle_a_3.png */ = {isa = PBXFileReference; lastKnownFileType = image.png; name = triangle_a_3.png; path = ../../plin_assets/stickers/triangle_a_3.png; sourceTree = "<group>"; };
		874994442C90B66D001A8820 /* balloon_a_4.png */ = {isa = PBXFileReference; lastKnownFileType = image.png; name = balloon_a_4.png; path = ../../plin_assets/stickers/balloon_a_4.png; sourceTree = "<group>"; };
		874994452C90B66D001A8820 /* ball_a_7.png */ = {isa = PBXFileReference; lastKnownFileType = image.png; name = ball_a_7.png; path = ../../plin_assets/stickers/ball_a_7.png; sourceTree = "<group>"; };
		874994462C90B66D001A8820 /* square_b_9.png */ = {isa = PBXFileReference; lastKnownFileType = image.png; name = square_b_9.png; path = ../../plin_assets/stickers/square_b_9.png; sourceTree = "<group>"; };
		874994472C90B66D001A8820 /* balloon_b_3.png */ = {isa = PBXFileReference; lastKnownFileType = image.png; name = balloon_b_3.png; path = ../../plin_assets/stickers/balloon_b_3.png; sourceTree = "<group>"; };
		874994482C90B66D001A8820 /* square_a_6.png */ = {isa = PBXFileReference; lastKnownFileType = image.png; name = square_a_6.png; path = ../../plin_assets/stickers/square_a_6.png; sourceTree = "<group>"; };
		874994492C90B66E001A8820 /* square_b_7.png */ = {isa = PBXFileReference; lastKnownFileType = image.png; name = square_b_7.png; path = ../../plin_assets/stickers/square_b_7.png; sourceTree = "<group>"; };
		8749944A2C90B66E001A8820 /* ball_a_6.png */ = {isa = PBXFileReference; lastKnownFileType = image.png; name = ball_a_6.png; path = ../../plin_assets/stickers/ball_a_6.png; sourceTree = "<group>"; };
		8749944B2C90B66E001A8820 /* ball_a_2.png */ = {isa = PBXFileReference; lastKnownFileType = image.png; name = ball_a_2.png; path = ../../plin_assets/stickers/ball_a_2.png; sourceTree = "<group>"; };
		8749944C2C90B66E001A8820 /* ball_b_5.png */ = {isa = PBXFileReference; lastKnownFileType = image.png; name = ball_b_5.png; path = ../../plin_assets/stickers/ball_b_5.png; sourceTree = "<group>"; };
		8749944D2C90B66E001A8820 /* triangle_b_5.png */ = {isa = PBXFileReference; lastKnownFileType = image.png; name = triangle_b_5.png; path = ../../plin_assets/stickers/triangle_b_5.png; sourceTree = "<group>"; };
		8749944E2C90B66E001A8820 /* ball_b_4.png */ = {isa = PBXFileReference; lastKnownFileType = image.png; name = ball_b_4.png; path = ../../plin_assets/stickers/ball_b_4.png; sourceTree = "<group>"; };
		8749944F2C90B66E001A8820 /* balloon_b_7.png */ = {isa = PBXFileReference; lastKnownFileType = image.png; name = balloon_b_7.png; path = ../../plin_assets/stickers/balloon_b_7.png; sourceTree = "<group>"; };
		874994502C90B66E001A8820 /* triangle_b_3.png */ = {isa = PBXFileReference; lastKnownFileType = image.png; name = triangle_b_3.png; path = ../../plin_assets/stickers/triangle_b_3.png; sourceTree = "<group>"; };
		874994512C90B66E001A8820 /* ball_b_8.png */ = {isa = PBXFileReference; lastKnownFileType = image.png; name = ball_b_8.png; path = ../../plin_assets/stickers/ball_b_8.png; sourceTree = "<group>"; };
		874994522C90B66E001A8820 /* square_a_4.png */ = {isa = PBXFileReference; lastKnownFileType = image.png; name = square_a_4.png; path = ../../plin_assets/stickers/square_a_4.png; sourceTree = "<group>"; };
		874994532C90B66E001A8820 /* square_b_5.png */ = {isa = PBXFileReference; lastKnownFileType = image.png; name = square_b_5.png; path = ../../plin_assets/stickers/square_b_5.png; sourceTree = "<group>"; };
		874994542C90B66E001A8820 /* ball_b_2.png */ = {isa = PBXFileReference; lastKnownFileType = image.png; name = ball_b_2.png; path = ../../plin_assets/stickers/ball_b_2.png; sourceTree = "<group>"; };
		874994552C90B66E001A8820 /* ball_a_5.png */ = {isa = PBXFileReference; lastKnownFileType = image.png; name = ball_a_5.png; path = ../../plin_assets/stickers/ball_a_5.png; sourceTree = "<group>"; };
		874994562C90B66E001A8820 /* ball_b_3.png */ = {isa = PBXFileReference; lastKnownFileType = image.png; name = ball_b_3.png; path = ../../plin_assets/stickers/ball_b_3.png; sourceTree = "<group>"; };
		874994572C90B66E001A8820 /* triangle_a_5.png */ = {isa = PBXFileReference; lastKnownFileType = image.png; name = triangle_a_5.png; path = ../../plin_assets/stickers/triangle_a_5.png; sourceTree = "<group>"; };
		874994582C90B66E001A8820 /* triangle_a_7.png */ = {isa = PBXFileReference; lastKnownFileType = image.png; name = triangle_a_7.png; path = ../../plin_assets/stickers/triangle_a_7.png; sourceTree = "<group>"; };
		874994592C90B66E001A8820 /* triangle_a_2.png */ = {isa = PBXFileReference; lastKnownFileType = image.png; name = triangle_a_2.png; path = ../../plin_assets/stickers/triangle_a_2.png; sourceTree = "<group>"; };
		8749945A2C90B66E001A8820 /* balloon_b_5.png */ = {isa = PBXFileReference; lastKnownFileType = image.png; name = balloon_b_5.png; path = ../../plin_assets/stickers/balloon_b_5.png; sourceTree = "<group>"; };
		8749945B2C90B66E001A8820 /* ball_a_8.png */ = {isa = PBXFileReference; lastKnownFileType = image.png; name = ball_a_8.png; path = ../../plin_assets/stickers/ball_a_8.png; sourceTree = "<group>"; };
		8749945C2C90B66F001A8820 /* square_a_3.png */ = {isa = PBXFileReference; lastKnownFileType = image.png; name = square_a_3.png; path = ../../plin_assets/stickers/square_a_3.png; sourceTree = "<group>"; };
		8749945D2C90B66F001A8820 /* triangle_b_2.png */ = {isa = PBXFileReference; lastKnownFileType = image.png; name = triangle_b_2.png; path = ../../plin_assets/stickers/triangle_b_2.png; sourceTree = "<group>"; };
		8749945E2C90B66F001A8820 /* triangle_a_4.png */ = {isa = PBXFileReference; lastKnownFileType = image.png; name = triangle_a_4.png; path = ../../plin_assets/stickers/triangle_a_4.png; sourceTree = "<group>"; };
		8749945F2C90B66F001A8820 /* square_a_9.png */ = {isa = PBXFileReference; lastKnownFileType = image.png; name = square_a_9.png; path = ../../plin_assets/stickers/square_a_9.png; sourceTree = "<group>"; };
		874994602C90B66F001A8820 /* triangle_b_4.png */ = {isa = PBXFileReference; lastKnownFileType = image.png; name = triangle_b_4.png; path = ../../plin_assets/stickers/triangle_b_4.png; sourceTree = "<group>"; };
		874994612C90B66F001A8820 /* ball_a_3.png */ = {isa = PBXFileReference; lastKnownFileType = image.png; name = ball_a_3.png; path = ../../plin_assets/stickers/ball_a_3.png; sourceTree = "<group>"; };
		874994622C90B66F001A8820 /* balloon_a_5.png */ = {isa = PBXFileReference; lastKnownFileType = image.png; name = balloon_a_5.png; path = ../../plin_assets/stickers/balloon_a_5.png; sourceTree = "<group>"; };
		874994632C90B66F001A8820 /* triangle_a_9.png */ = {isa = PBXFileReference; lastKnownFileType = image.png; name = triangle_a_9.png; path = ../../plin_assets/stickers/triangle_a_9.png; sourceTree = "<group>"; };
		874994642C90B66F001A8820 /* triangle_a_1.png */ = {isa = PBXFileReference; lastKnownFileType = image.png; name = triangle_a_1.png; path = ../../plin_assets/stickers/triangle_a_1.png; sourceTree = "<group>"; };
		874994652C90B66F001A8820 /* square_b_2.png */ = {isa = PBXFileReference; lastKnownFileType = image.png; name = square_b_2.png; path = ../../plin_assets/stickers/square_b_2.png; sourceTree = "<group>"; };
		874994662C90B66F001A8820 /* square_a_7.png */ = {isa = PBXFileReference; lastKnownFileType = image.png; name = square_a_7.png; path = ../../plin_assets/stickers/square_a_7.png; sourceTree = "<group>"; };
		874994672C90B66F001A8820 /* balloon_a_6.png */ = {isa = PBXFileReference; lastKnownFileType = image.png; name = balloon_a_6.png; path = ../../plin_assets/stickers/balloon_a_6.png; sourceTree = "<group>"; };
		874994682C90B66F001A8820 /* triangle_b_6.png */ = {isa = PBXFileReference; lastKnownFileType = image.png; name = triangle_b_6.png; path = ../../plin_assets/stickers/triangle_b_6.png; sourceTree = "<group>"; };
		874994692C90B66F001A8820 /* balloon_a_8.png */ = {isa = PBXFileReference; lastKnownFileType = image.png; name = balloon_a_8.png; path = ../../plin_assets/stickers/balloon_a_8.png; sourceTree = "<group>"; };
		8749946A2C90B66F001A8820 /* triangle_a_6.png */ = {isa = PBXFileReference; lastKnownFileType = image.png; name = triangle_a_6.png; path = ../../plin_assets/stickers/triangle_a_6.png; sourceTree = "<group>"; };
		8749946B2C90B66F001A8820 /* ball_a_1.png */ = {isa = PBXFileReference; lastKnownFileType = image.png; name = ball_a_1.png; path = ../../plin_assets/stickers/ball_a_1.png; sourceTree = "<group>"; };
		8749946C2C90B66F001A8820 /* square_b_3.png */ = {isa = PBXFileReference; lastKnownFileType = image.png; name = square_b_3.png; path = ../../plin_assets/stickers/square_b_3.png; sourceTree = "<group>"; };
		8749946D2C90B66F001A8820 /* balloon_b_1.png */ = {isa = PBXFileReference; lastKnownFileType = image.png; name = balloon_b_1.png; path = ../../plin_assets/stickers/balloon_b_1.png; sourceTree = "<group>"; };
		8749946E2C90B66F001A8820 /* square_b_1.png */ = {isa = PBXFileReference; lastKnownFileType = image.png; name = square_b_1.png; path = ../../plin_assets/stickers/square_b_1.png; sourceTree = "<group>"; };
		8749946F2C90B670001A8820 /* balloon_b_2.png */ = {isa = PBXFileReference; lastKnownFileType = image.png; name = balloon_b_2.png; path = ../../plin_assets/stickers/balloon_b_2.png; sourceTree = "<group>"; };
		874994702C90B670001A8820 /* square_b_6.png */ = {isa = PBXFileReference; lastKnownFileType = image.png; name = square_b_6.png; path = ../../plin_assets/stickers/square_b_6.png; sourceTree = "<group>"; };
		874994712C90B670001A8820 /* ball_b_9.png */ = {isa = PBXFileReference; lastKnownFileType = image.png; name = ball_b_9.png; path = ../../plin_assets/stickers/ball_b_9.png; sourceTree = "<group>"; };
		874994722C90B670001A8820 /* ball_b_1.png */ = {isa = PBXFileReference; lastKnownFileType = image.png; name = ball_b_1.png; path = ../../plin_assets/stickers/ball_b_1.png; sourceTree = "<group>"; };
		874994732C90B670001A8820 /* square_a_5.png */ = {isa = PBXFileReference; lastKnownFileType = image.png; name = square_a_5.png; path = ../../plin_assets/stickers/square_a_5.png; sourceTree = "<group>"; };
		874994742C90B670001A8820 /* square_a_2.png */ = {isa = PBXFileReference; lastKnownFileType = image.png; name = square_a_2.png; path = ../../plin_assets/stickers/square_a_2.png; sourceTree = "<group>"; };
		874994752C90B670001A8820 /* balloon_a_3.png */ = {isa = PBXFileReference; lastKnownFileType = image.png; name = balloon_a_3.png; path = ../../plin_assets/stickers/balloon_a_3.png; sourceTree = "<group>"; };
		874994762C90B670001A8820 /* ball_b_6.png */ = {isa = PBXFileReference; lastKnownFileType = image.png; name = ball_b_6.png; path = ../../plin_assets/stickers/ball_b_6.png; sourceTree = "<group>"; };
		8DE5775B862B4F44CE29D4B4 /* Pods_Runner.framework */ = {isa = PBXFileReference; explicitFileType = wrapper.framework; includeInIndex = 0; path = Pods_Runner.framework; sourceTree = BUILT_PRODUCTS_DIR; };
		9740EEB21CF90195004384FC /* Debug.xcconfig */ = {isa = PBXFileReference; fileEncoding = 4; lastKnownFileType = text.xcconfig; name = Debug.xcconfig; path = Flutter/Debug.xcconfig; sourceTree = "<group>"; };
		9740EEB31CF90195004384FC /* Generated.xcconfig */ = {isa = PBXFileReference; fileEncoding = 4; lastKnownFileType = text.xcconfig; name = Generated.xcconfig; path = Flutter/Generated.xcconfig; sourceTree = "<group>"; };
		97C146EE1CF9000F007C117D /* Runner.app */ = {isa = PBXFileReference; explicitFileType = wrapper.application; includeInIndex = 0; path = Runner.app; sourceTree = BUILT_PRODUCTS_DIR; };
		97C146FB1CF9000F007C117D /* Base */ = {isa = PBXFileReference; lastKnownFileType = file.storyboard; name = Base; path = Base.lproj/Main.storyboard; sourceTree = "<group>"; };
		97C146FD1CF9000F007C117D /* Assets.xcassets */ = {isa = PBXFileReference; lastKnownFileType = folder.assetcatalog; path = Assets.xcassets; sourceTree = "<group>"; };
		97C147001CF9000F007C117D /* Base */ = {isa = PBXFileReference; lastKnownFileType = file.storyboard; name = Base; path = Base.lproj/LaunchScreen.storyboard; sourceTree = "<group>"; };
		97C147021CF9000F007C117D /* Info.plist */ = {isa = PBXFileReference; lastKnownFileType = text.plist.xml; path = Info.plist; sourceTree = "<group>"; };
		9AF9B5F266ED0B8465BCD981 /* Pods-RunnerTests.debug.xcconfig */ = {isa = PBXFileReference; includeInIndex = 1; lastKnownFileType = text.xcconfig; name = "Pods-RunnerTests.debug.xcconfig"; path = "Target Support Files/Pods-RunnerTests/Pods-RunnerTests.debug.xcconfig"; sourceTree = "<group>"; };
		B77AD4F2A119FBAE3CD8440D /* Pods-Runner.profile.xcconfig */ = {isa = PBXFileReference; includeInIndex = 1; lastKnownFileType = text.xcconfig; name = "Pods-Runner.profile.xcconfig"; path = "Target Support Files/Pods-Runner/Pods-Runner.profile.xcconfig"; sourceTree = "<group>"; };
		BD315555937011A04CE3BC48 /* Pods-Runner.debug.xcconfig */ = {isa = PBXFileReference; includeInIndex = 1; lastKnownFileType = text.xcconfig; name = "Pods-Runner.debug.xcconfig"; path = "Target Support Files/Pods-Runner/Pods-Runner.debug.xcconfig"; sourceTree = "<group>"; };
		E8E30408764B09C25EBA82AA /* Pods_RunnerTests.framework */ = {isa = PBXFileReference; explicitFileType = wrapper.framework; includeInIndex = 0; path = Pods_RunnerTests.framework; sourceTree = BUILT_PRODUCTS_DIR; };
		F264FDEBA4CE8E48C808DFD0 /* Pods-RunnerTests.release.xcconfig */ = {isa = PBXFileReference; includeInIndex = 1; lastKnownFileType = text.xcconfig; name = "Pods-RunnerTests.release.xcconfig"; path = "Target Support Files/Pods-RunnerTests/Pods-RunnerTests.release.xcconfig"; sourceTree = "<group>"; };
/* End PBXFileReference section */

/* Begin PBXFrameworksBuildPhase section */
		8749941A2C90ABAE001A8820 /* Frameworks */ = {
			isa = PBXFrameworksBuildPhase;
			buildActionMask = 2147483647;
			files = (
				8749941F2C90ABAF001A8820 /* Messages.framework in Frameworks */,
			);
			runOnlyForDeploymentPostprocessing = 0;
		};
		97C146EB1CF9000F007C117D /* Frameworks */ = {
			isa = PBXFrameworksBuildPhase;
			buildActionMask = 2147483647;
			files = (
				5CA5DB674D59C6B2C8540DA3 /* Pods_Runner.framework in Frameworks */,
			);
			runOnlyForDeploymentPostprocessing = 0;
		};
		E684F953834D6FC5DAC42AA2 /* Frameworks */ = {
			isa = PBXFrameworksBuildPhase;
			buildActionMask = 2147483647;
			files = (
				00A1262A5AFD46D0AD0812EF /* Pods_RunnerTests.framework in Frameworks */,
			);
			runOnlyForDeploymentPostprocessing = 0;
		};
/* End PBXFrameworksBuildPhase section */

/* Begin PBXGroup section */
		23922C0976848747C6DCA1DE /* Frameworks */ = {
			isa = PBXGroup;
			children = (
				8749941E2C90ABAE001A8820 /* Messages.framework */,
				8DE5775B862B4F44CE29D4B4 /* Pods_Runner.framework */,
				E8E30408764B09C25EBA82AA /* Pods_RunnerTests.framework */,
			);
			name = Frameworks;
			sourceTree = "<group>";
		};
		331C8082294A63A400263BE5 /* RunnerTests */ = {
			isa = PBXGroup;
			children = (
				331C807B294A618700263BE5 /* RunnerTests.swift */,
			);
			path = RunnerTests;
			sourceTree = "<group>";
		};
		6BAB274E869217CE4181F893 /* Pods */ = {
			isa = PBXGroup;
			children = (
				BD315555937011A04CE3BC48 /* Pods-Runner.debug.xcconfig */,
				79FAB1C6B5470FDCC1386139 /* Pods-Runner.release.xcconfig */,
				B77AD4F2A119FBAE3CD8440D /* Pods-Runner.profile.xcconfig */,
				9AF9B5F266ED0B8465BCD981 /* Pods-RunnerTests.debug.xcconfig */,
				F264FDEBA4CE8E48C808DFD0 /* Pods-RunnerTests.release.xcconfig */,
				2A9E9E54428032A95AD056F7 /* Pods-RunnerTests.profile.xcconfig */,
			);
			path = Pods;
			sourceTree = "<group>";
		};
		874994202C90ABAF001A8820 /* PlinPack */ = {
			isa = PBXGroup;
			children = (
				8749946B2C90B66F001A8820 /* ball_a_1.png */,
				8749944B2C90B66E001A8820 /* ball_a_2.png */,
				874994612C90B66F001A8820 /* ball_a_3.png */,
				874994372C90B66C001A8820 /* ball_a_4.png */,
				874994552C90B66E001A8820 /* ball_a_5.png */,
				8749944A2C90B66E001A8820 /* ball_a_6.png */,
				874994452C90B66D001A8820 /* ball_a_7.png */,
				8749945B2C90B66E001A8820 /* ball_a_8.png */,
				874994362C90B66C001A8820 /* ball_a_9.png */,
				874994722C90B670001A8820 /* ball_b_1.png */,
				874994542C90B66E001A8820 /* ball_b_2.png */,
				874994562C90B66E001A8820 /* ball_b_3.png */,
				8749944E2C90B66E001A8820 /* ball_b_4.png */,
				8749944C2C90B66E001A8820 /* ball_b_5.png */,
				874994762C90B670001A8820 /* ball_b_6.png */,
				874994382C90B66C001A8820 /* ball_b_7.png */,
				874994512C90B66E001A8820 /* ball_b_8.png */,
				874994712C90B670001A8820 /* ball_b_9.png */,
				874994342C90B66C001A8820 /* balloon_a_1.png */,
				874994402C90B66D001A8820 /* balloon_a_2.png */,
				874994752C90B670001A8820 /* balloon_a_3.png */,
				874994442C90B66D001A8820 /* balloon_a_4.png */,
				874994622C90B66F001A8820 /* balloon_a_5.png */,
				874994672C90B66F001A8820 /* balloon_a_6.png */,
				8749943C2C90B66D001A8820 /* balloon_a_7.png */,
				874994692C90B66F001A8820 /* balloon_a_8.png */,
				8749943B2C90B66D001A8820 /* balloon_a_9.png */,
				8749946D2C90B66F001A8820 /* balloon_b_1.png */,
				8749946F2C90B670001A8820 /* balloon_b_2.png */,
				874994472C90B66D001A8820 /* balloon_b_3.png */,
				8749943A2C90B66D001A8820 /* balloon_b_4.png */,
				8749945A2C90B66E001A8820 /* balloon_b_5.png */,
				874994422C90B66D001A8820 /* balloon_b_6.png */,
				8749944F2C90B66E001A8820 /* balloon_b_7.png */,
				8749943D2C90B66D001A8820 /* square_a_1.png */,
				874994742C90B670001A8820 /* square_a_2.png */,
				8749945C2C90B66F001A8820 /* square_a_3.png */,
				874994522C90B66E001A8820 /* square_a_4.png */,
				874994732C90B670001A8820 /* square_a_5.png */,
				874994482C90B66D001A8820 /* square_a_6.png */,
				874994662C90B66F001A8820 /* square_a_7.png */,
				874994392C90B66D001A8820 /* square_a_8.png */,
				8749945F2C90B66F001A8820 /* square_a_9.png */,
				8749946E2C90B66F001A8820 /* square_b_1.png */,
				874994652C90B66F001A8820 /* square_b_2.png */,
				8749946C2C90B66F001A8820 /* square_b_3.png */,
				8749943E2C90B66D001A8820 /* square_b_4.png */,
				874994532C90B66E001A8820 /* square_b_5.png */,
				874994702C90B670001A8820 /* square_b_6.png */,
				874994492C90B66E001A8820 /* square_b_7.png */,
				874994352C90B66C001A8820 /* square_b_8.png */,
				874994462C90B66D001A8820 /* square_b_9.png */,
				874994642C90B66F001A8820 /* triangle_a_1.png */,
				874994592C90B66E001A8820 /* triangle_a_2.png */,
				874994432C90B66D001A8820 /* triangle_a_3.png */,
				8749945E2C90B66F001A8820 /* triangle_a_4.png */,
				874994572C90B66E001A8820 /* triangle_a_5.png */,
				8749946A2C90B66F001A8820 /* triangle_a_6.png */,
				874994582C90B66E001A8820 /* triangle_a_7.png */,
				8749943F2C90B66D001A8820 /* triangle_a_8.png */,
				874994632C90B66F001A8820 /* triangle_a_9.png */,
				874994412C90B66D001A8820 /* triangle_b_1.png */,
				8749945D2C90B66F001A8820 /* triangle_b_2.png */,
				874994502C90B66E001A8820 /* triangle_b_3.png */,
				874994602C90B66F001A8820 /* triangle_b_4.png */,
				8749944D2C90B66E001A8820 /* triangle_b_5.png */,
				874994682C90B66F001A8820 /* triangle_b_6.png */,
				874994312C90ABBB001A8820 /* PlinPack.entitlements */,
				874994212C90ABAF001A8820 /* MessagesViewController.swift */,
				874994232C90ABAF001A8820 /* MainInterface.storyboard */,
				874994262C90ABB0001A8820 /* Assets.xcassets */,
				874994282C90ABB0001A8820 /* Info.plist */,
				874994322C90B594001A8820 /* PlinVC.swift */,
			);
			path = PlinPack;
			sourceTree = "<group>";
		};
		9740EEB11CF90186004384FC /* Flutter */ = {
			isa = PBXGroup;
			children = (
				3B3967151E833CAA004F5970 /* AppFrameworkInfo.plist */,
				9740EEB21CF90195004384FC /* Debug.xcconfig */,
				7AFA3C8E1D35360C0083082E /* Release.xcconfig */,
				9740EEB31CF90195004384FC /* Generated.xcconfig */,
			);
			name = Flutter;
			sourceTree = "<group>";
		};
		97C146E51CF9000F007C117D = {
			isa = PBXGroup;
			children = (
				9740EEB11CF90186004384FC /* Flutter */,
				97C146F01CF9000F007C117D /* Runner */,
				874994202C90ABAF001A8820 /* PlinPack */,
				97C146EF1CF9000F007C117D /* Products */,
				331C8082294A63A400263BE5 /* RunnerTests */,
				6BAB274E869217CE4181F893 /* Pods */,
				23922C0976848747C6DCA1DE /* Frameworks */,
			);
			sourceTree = "<group>";
		};
		97C146EF1CF9000F007C117D /* Products */ = {
			isa = PBXGroup;
			children = (
				97C146EE1CF9000F007C117D /* Runner.app */,
				331C8081294A63A400263BE5 /* RunnerTests.xctest */,
				8749941D2C90ABAE001A8820 /* PlinPack.appex */,
			);
			name = Products;
			sourceTree = "<group>";
		};
		97C146F01CF9000F007C117D /* Runner */ = {
			isa = PBXGroup;
			children = (
				874994182C90AB4D001A8820 /* Runner.entitlements */,
				97C146FA1CF9000F007C117D /* Main.storyboard */,
				97C146FD1CF9000F007C117D /* Assets.xcassets */,
				97C146FF1CF9000F007C117D /* LaunchScreen.storyboard */,
				97C147021CF9000F007C117D /* Info.plist */,
				1498D2321E8E86230040F4C2 /* GeneratedPluginRegistrant.h */,
				1498D2331E8E89220040F4C2 /* GeneratedPluginRegistrant.m */,
				74858FAE1ED2DC5600515810 /* AppDelegate.swift */,
				74858FAD1ED2DC5600515810 /* Runner-Bridging-Header.h */,
			);
			path = Runner;
			sourceTree = "<group>";
		};
/* End PBXGroup section */

/* Begin PBXNativeTarget section */
		331C8080294A63A400263BE5 /* RunnerTests */ = {
			isa = PBXNativeTarget;
			buildConfigurationList = 331C8087294A63A400263BE5 /* Build configuration list for PBXNativeTarget "RunnerTests" */;
			buildPhases = (
				550362C7A8C118A3A3B5B970 /* [CP] Check Pods Manifest.lock */,
				331C807D294A63A400263BE5 /* Sources */,
				331C807F294A63A400263BE5 /* Resources */,
				E684F953834D6FC5DAC42AA2 /* Frameworks */,
			);
			buildRules = (
			);
			dependencies = (
				331C8086294A63A400263BE5 /* PBXTargetDependency */,
			);
			name = RunnerTests;
			productName = RunnerTests;
			productReference = 331C8081294A63A400263BE5 /* RunnerTests.xctest */;
			productType = "com.apple.product-type.bundle.unit-test";
		};
		8749941C2C90ABAE001A8820 /* PlinPack */ = {
			isa = PBXNativeTarget;
			buildConfigurationList = 8749942C2C90ABB0001A8820 /* Build configuration list for PBXNativeTarget "PlinPack" */;
			buildPhases = (
				874994192C90ABAE001A8820 /* Sources */,
				8749941A2C90ABAE001A8820 /* Frameworks */,
				8749941B2C90ABAE001A8820 /* Resources */,
			);
			buildRules = (
			);
			dependencies = (
			);
			name = PlinPack;
			productName = PlinPack;
			productReference = 8749941D2C90ABAE001A8820 /* PlinPack.appex */;
			productType = "com.apple.product-type.app-extension.messages";
		};
		97C146ED1CF9000F007C117D /* Runner */ = {
			isa = PBXNativeTarget;
			buildConfigurationList = 97C147051CF9000F007C117D /* Build configuration list for PBXNativeTarget "Runner" */;
			buildPhases = (
				85DC0C110DCC2F24CB6BDC82 /* [CP] Check Pods Manifest.lock */,
				9740EEB61CF901F6004384FC /* Run Script */,
				97C146EA1CF9000F007C117D /* Sources */,
				97C146EB1CF9000F007C117D /* Frameworks */,
				97C146EC1CF9000F007C117D /* Resources */,
				874994302C90ABB0001A8820 /* Embed Foundation Extensions */,
				9705A1C41CF9048500538489 /* Embed Frameworks */,
				3B06AD1E1E4923F5004D2608 /* Thin Binary */,
				D6C6ED2F8FBDA778DC25B0A1 /* [CP] Embed Pods Frameworks */,
			);
			buildRules = (
			);
			dependencies = (
				8749942A2C90ABB0001A8820 /* PBXTargetDependency */,
			);
			name = Runner;
			productName = Runner;
			productReference = 97C146EE1CF9000F007C117D /* Runner.app */;
			productType = "com.apple.product-type.application";
		};
/* End PBXNativeTarget section */

/* Begin PBXProject section */
		97C146E61CF9000F007C117D /* Project object */ = {
			isa = PBXProject;
			attributes = {
				BuildIndependentTargetsInParallel = YES;
				LastSwiftUpdateCheck = 1540;
				LastUpgradeCheck = 1510;
				ORGANIZATIONNAME = "";
				TargetAttributes = {
					331C8080294A63A400263BE5 = {
						CreatedOnToolsVersion = 14.0;
						TestTargetID = 97C146ED1CF9000F007C117D;
					};
					8749941C2C90ABAE001A8820 = {
						CreatedOnToolsVersion = 15.4;
					};
					97C146ED1CF9000F007C117D = {
						CreatedOnToolsVersion = 7.3.1;
						LastSwiftMigration = 1100;
					};
				};
			};
			buildConfigurationList = 97C146E91CF9000F007C117D /* Build configuration list for PBXProject "Runner" */;
			compatibilityVersion = "Xcode 9.3";
			developmentRegion = en;
			hasScannedForEncodings = 0;
			knownRegions = (
				en,
				Base,
			);
			mainGroup = 97C146E51CF9000F007C117D;
			productRefGroup = 97C146EF1CF9000F007C117D /* Products */;
			projectDirPath = "";
			projectRoot = "";
			targets = (
				97C146ED1CF9000F007C117D /* Runner */,
				331C8080294A63A400263BE5 /* RunnerTests */,
				8749941C2C90ABAE001A8820 /* PlinPack */,
			);
		};
/* End PBXProject section */

/* Begin PBXResourcesBuildPhase section */
		331C807F294A63A400263BE5 /* Resources */ = {
			isa = PBXResourcesBuildPhase;
			buildActionMask = 2147483647;
			files = (
			);
			runOnlyForDeploymentPostprocessing = 0;
		};
		8749941B2C90ABAE001A8820 /* Resources */ = {
			isa = PBXResourcesBuildPhase;
			buildActionMask = 2147483647;
			files = (
				8749949D2C90B670001A8820 /* balloon_b_5.png in Resources */,
				874994892C90B670001A8820 /* square_b_9.png in Resources */,
				874994882C90B670001A8820 /* ball_a_7.png in Resources */,
				874994A32C90B670001A8820 /* triangle_b_4.png in Resources */,
				874994A02C90B670001A8820 /* triangle_b_2.png in Resources */,
				874994832C90B670001A8820 /* balloon_a_2.png in Resources */,
				874994792C90B670001A8820 /* ball_a_9.png in Resources */,
				8749947C2C90B670001A8820 /* square_a_8.png in Resources */,
				874994AE2C90B670001A8820 /* ball_a_1.png in Resources */,
				874994AD2C90B670001A8820 /* triangle_a_6.png in Resources */,
				874994802C90B670001A8820 /* square_a_1.png in Resources */,
				874994B82C90B670001A8820 /* balloon_a_3.png in Resources */,
				874994A62C90B670001A8820 /* triangle_a_9.png in Resources */,
				874994912C90B670001A8820 /* ball_b_4.png in Resources */,
				874994A72C90B670001A8820 /* triangle_a_1.png in Resources */,
				874994932C90B670001A8820 /* triangle_b_3.png in Resources */,
				874994772C90B670001A8820 /* balloon_a_1.png in Resources */,
				874994B62C90B670001A8820 /* square_a_5.png in Resources */,
				874994962C90B670001A8820 /* square_b_5.png in Resources */,
				874994B72C90B670001A8820 /* square_a_2.png in Resources */,
				8749947F2C90B670001A8820 /* balloon_a_7.png in Resources */,
				8749947E2C90B670001A8820 /* balloon_a_9.png in Resources */,
				874994812C90B670001A8820 /* square_b_4.png in Resources */,
				8749948D2C90B670001A8820 /* ball_a_6.png in Resources */,
				8749949B2C90B670001A8820 /* triangle_a_7.png in Resources */,
				874994982C90B670001A8820 /* ball_a_5.png in Resources */,
				874994852C90B670001A8820 /* balloon_b_6.png in Resources */,
				874994272C90ABB0001A8820 /* Assets.xcassets in Resources */,
				8749947B2C90B670001A8820 /* ball_b_7.png in Resources */,
				874994B02C90B670001A8820 /* balloon_b_1.png in Resources */,
				874994862C90B670001A8820 /* triangle_a_3.png in Resources */,
				8749949F2C90B670001A8820 /* square_a_3.png in Resources */,
				874994B22C90B670001A8820 /* balloon_b_2.png in Resources */,
				8749948B2C90B670001A8820 /* square_a_6.png in Resources */,
				874994942C90B670001A8820 /* ball_b_8.png in Resources */,
				874994A82C90B670001A8820 /* square_b_2.png in Resources */,
				874994B32C90B670001A8820 /* square_b_6.png in Resources */,
				874994AB2C90B670001A8820 /* triangle_b_6.png in Resources */,
				874994842C90B670001A8820 /* triangle_b_1.png in Resources */,
				874994A22C90B670001A8820 /* square_a_9.png in Resources */,
				874994952C90B670001A8820 /* square_a_4.png in Resources */,
				874994AF2C90B670001A8820 /* square_b_3.png in Resources */,
				8749947D2C90B670001A8820 /* balloon_b_4.png in Resources */,
				874994902C90B670001A8820 /* triangle_b_5.png in Resources */,
				874994A12C90B670001A8820 /* triangle_a_4.png in Resources */,
				874994922C90B670001A8820 /* balloon_b_7.png in Resources */,
				8749948C2C90B670001A8820 /* square_b_7.png in Resources */,
				8749949E2C90B670001A8820 /* ball_a_8.png in Resources */,
				8749949A2C90B670001A8820 /* triangle_a_5.png in Resources */,
				874994AC2C90B670001A8820 /* balloon_a_8.png in Resources */,
				874994822C90B670001A8820 /* triangle_a_8.png in Resources */,
				874994A92C90B670001A8820 /* square_a_7.png in Resources */,
				874994782C90B670001A8820 /* square_b_8.png in Resources */,
				874994B92C90B670001A8820 /* ball_b_6.png in Resources */,
				874994B12C90B670001A8820 /* square_b_1.png in Resources */,
				874994B42C90B670001A8820 /* ball_b_9.png in Resources */,
				8749948E2C90B670001A8820 /* ball_a_2.png in Resources */,
				874994252C90ABAF001A8820 /* Base in Resources */,
				874994972C90B670001A8820 /* ball_b_2.png in Resources */,
				874994B52C90B670001A8820 /* ball_b_1.png in Resources */,
				8749949C2C90B670001A8820 /* triangle_a_2.png in Resources */,
				874994A52C90B670001A8820 /* balloon_a_5.png in Resources */,
				8749948F2C90B670001A8820 /* ball_b_5.png in Resources */,
				874994AA2C90B670001A8820 /* balloon_a_6.png in Resources */,
				874994872C90B670001A8820 /* balloon_a_4.png in Resources */,
				874994A42C90B670001A8820 /* ball_a_3.png in Resources */,
				8749948A2C90B670001A8820 /* balloon_b_3.png in Resources */,
				8749947A2C90B670001A8820 /* ball_a_4.png in Resources */,
				874994992C90B670001A8820 /* ball_b_3.png in Resources */,
			);
			runOnlyForDeploymentPostprocessing = 0;
		};
		97C146EC1CF9000F007C117D /* Resources */ = {
			isa = PBXResourcesBuildPhase;
			buildActionMask = 2147483647;
			files = (
				97C147011CF9000F007C117D /* LaunchScreen.storyboard in Resources */,
				3B3967161E833CAA004F5970 /* AppFrameworkInfo.plist in Resources */,
				97C146FE1CF9000F007C117D /* Assets.xcassets in Resources */,
				97C146FC1CF9000F007C117D /* Main.storyboard in Resources */,
			);
			runOnlyForDeploymentPostprocessing = 0;
		};
/* End PBXResourcesBuildPhase section */

/* Begin PBXShellScriptBuildPhase section */
		3B06AD1E1E4923F5004D2608 /* Thin Binary */ = {
			isa = PBXShellScriptBuildPhase;
			alwaysOutOfDate = 1;
			buildActionMask = 2147483647;
			files = (
			);
			inputPaths = (
				"${TARGET_BUILD_DIR}/${INFOPLIST_PATH}",
			);
			name = "Thin Binary";
			outputPaths = (
			);
			runOnlyForDeploymentPostprocessing = 0;
			shellPath = /bin/sh;
			shellScript = "/bin/sh \"$FLUTTER_ROOT/packages/flutter_tools/bin/xcode_backend.sh\" embed_and_thin";
		};
		550362C7A8C118A3A3B5B970 /* [CP] Check Pods Manifest.lock */ = {
			isa = PBXShellScriptBuildPhase;
			buildActionMask = 2147483647;
			files = (
			);
			inputFileListPaths = (
			);
			inputPaths = (
				"${PODS_PODFILE_DIR_PATH}/Podfile.lock",
				"${PODS_ROOT}/Manifest.lock",
			);
			name = "[CP] Check Pods Manifest.lock";
			outputFileListPaths = (
			);
			outputPaths = (
				"$(DERIVED_FILE_DIR)/Pods-RunnerTests-checkManifestLockResult.txt",
			);
			runOnlyForDeploymentPostprocessing = 0;
			shellPath = /bin/sh;
			shellScript = "diff \"${PODS_PODFILE_DIR_PATH}/Podfile.lock\" \"${PODS_ROOT}/Manifest.lock\" > /dev/null\nif [ $? != 0 ] ; then\n    # print error to STDERR\n    echo \"error: The sandbox is not in sync with the Podfile.lock. Run 'pod install' or update your CocoaPods installation.\" >&2\n    exit 1\nfi\n# This output is used by Xcode 'outputs' to avoid re-running this script phase.\necho \"SUCCESS\" > \"${SCRIPT_OUTPUT_FILE_0}\"\n";
			showEnvVarsInLog = 0;
		};
		85DC0C110DCC2F24CB6BDC82 /* [CP] Check Pods Manifest.lock */ = {
			isa = PBXShellScriptBuildPhase;
			buildActionMask = 2147483647;
			files = (
			);
			inputFileListPaths = (
			);
			inputPaths = (
				"${PODS_PODFILE_DIR_PATH}/Podfile.lock",
				"${PODS_ROOT}/Manifest.lock",
			);
			name = "[CP] Check Pods Manifest.lock";
			outputFileListPaths = (
			);
			outputPaths = (
				"$(DERIVED_FILE_DIR)/Pods-Runner-checkManifestLockResult.txt",
			);
			runOnlyForDeploymentPostprocessing = 0;
			shellPath = /bin/sh;
			shellScript = "diff \"${PODS_PODFILE_DIR_PATH}/Podfile.lock\" \"${PODS_ROOT}/Manifest.lock\" > /dev/null\nif [ $? != 0 ] ; then\n    # print error to STDERR\n    echo \"error: The sandbox is not in sync with the Podfile.lock. Run 'pod install' or update your CocoaPods installation.\" >&2\n    exit 1\nfi\n# This output is used by Xcode 'outputs' to avoid re-running this script phase.\necho \"SUCCESS\" > \"${SCRIPT_OUTPUT_FILE_0}\"\n";
			showEnvVarsInLog = 0;
		};
		9740EEB61CF901F6004384FC /* Run Script */ = {
			isa = PBXShellScriptBuildPhase;
			alwaysOutOfDate = 1;
			buildActionMask = 2147483647;
			files = (
			);
			inputPaths = (
			);
			name = "Run Script";
			outputPaths = (
			);
			runOnlyForDeploymentPostprocessing = 0;
			shellPath = /bin/sh;
			shellScript = "/bin/sh \"$FLUTTER_ROOT/packages/flutter_tools/bin/xcode_backend.sh\" build";
		};
		D6C6ED2F8FBDA778DC25B0A1 /* [CP] Embed Pods Frameworks */ = {
			isa = PBXShellScriptBuildPhase;
			buildActionMask = 2147483647;
			files = (
			);
			inputFileListPaths = (
				"${PODS_ROOT}/Target Support Files/Pods-Runner/Pods-Runner-frameworks-${CONFIGURATION}-input-files.xcfilelist",
			);
			name = "[CP] Embed Pods Frameworks";
			outputFileListPaths = (
				"${PODS_ROOT}/Target Support Files/Pods-Runner/Pods-Runner-frameworks-${CONFIGURATION}-output-files.xcfilelist",
			);
			runOnlyForDeploymentPostprocessing = 0;
			shellPath = /bin/sh;
			shellScript = "\"${PODS_ROOT}/Target Support Files/Pods-Runner/Pods-Runner-frameworks.sh\"\n";
			showEnvVarsInLog = 0;
		};
/* End PBXShellScriptBuildPhase section */

/* Begin PBXSourcesBuildPhase section */
		331C807D294A63A400263BE5 /* Sources */ = {
			isa = PBXSourcesBuildPhase;
			buildActionMask = 2147483647;
			files = (
				331C808B294A63AB00263BE5 /* RunnerTests.swift in Sources */,
			);
			runOnlyForDeploymentPostprocessing = 0;
		};
		874994192C90ABAE001A8820 /* Sources */ = {
			isa = PBXSourcesBuildPhase;
			buildActionMask = 2147483647;
			files = (
				874994222C90ABAF001A8820 /* MessagesViewController.swift in Sources */,
				874994332C90B594001A8820 /* PlinVC.swift in Sources */,
			);
			runOnlyForDeploymentPostprocessing = 0;
		};
		97C146EA1CF9000F007C117D /* Sources */ = {
			isa = PBXSourcesBuildPhase;
			buildActionMask = 2147483647;
			files = (
				74858FAF1ED2DC5600515810 /* AppDelegate.swift in Sources */,
				1498D2341E8E89220040F4C2 /* GeneratedPluginRegistrant.m in Sources */,
			);
			runOnlyForDeploymentPostprocessing = 0;
		};
/* End PBXSourcesBuildPhase section */

/* Begin PBXTargetDependency section */
		331C8086294A63A400263BE5 /* PBXTargetDependency */ = {
			isa = PBXTargetDependency;
			target = 97C146ED1CF9000F007C117D /* Runner */;
			targetProxy = 331C8085294A63A400263BE5 /* PBXContainerItemProxy */;
		};
		8749942A2C90ABB0001A8820 /* PBXTargetDependency */ = {
			isa = PBXTargetDependency;
			target = 8749941C2C90ABAE001A8820 /* PlinPack */;
			targetProxy = 874994292C90ABB0001A8820 /* PBXContainerItemProxy */;
		};
/* End PBXTargetDependency section */

/* Begin PBXVariantGroup section */
		874994232C90ABAF001A8820 /* MainInterface.storyboard */ = {
			isa = PBXVariantGroup;
			children = (
				874994242C90ABAF001A8820 /* Base */,
			);
			name = MainInterface.storyboard;
			sourceTree = "<group>";
		};
		97C146FA1CF9000F007C117D /* Main.storyboard */ = {
			isa = PBXVariantGroup;
			children = (
				97C146FB1CF9000F007C117D /* Base */,
			);
			name = Main.storyboard;
			sourceTree = "<group>";
		};
		97C146FF1CF9000F007C117D /* LaunchScreen.storyboard */ = {
			isa = PBXVariantGroup;
			children = (
				97C147001CF9000F007C117D /* Base */,
			);
			name = LaunchScreen.storyboard;
			sourceTree = "<group>";
		};
/* End PBXVariantGroup section */

/* Begin XCBuildConfiguration section */
		249021D3217E4FDB00AE95B9 /* Profile */ = {
			isa = XCBuildConfiguration;
			buildSettings = {
				ALWAYS_SEARCH_USER_PATHS = NO;
				ASSETCATALOG_COMPILER_GENERATE_SWIFT_ASSET_SYMBOL_EXTENSIONS = YES;
				CLANG_ANALYZER_NONNULL = YES;
				CLANG_CXX_LANGUAGE_STANDARD = "gnu++0x";
				CLANG_CXX_LIBRARY = "libc++";
				CLANG_ENABLE_MODULES = YES;
				CLANG_ENABLE_OBJC_ARC = YES;
				CLANG_WARN_BLOCK_CAPTURE_AUTORELEASING = YES;
				CLANG_WARN_BOOL_CONVERSION = YES;
				CLANG_WARN_COMMA = YES;
				CLANG_WARN_CONSTANT_CONVERSION = YES;
				CLANG_WARN_DEPRECATED_OBJC_IMPLEMENTATIONS = YES;
				CLANG_WARN_DIRECT_OBJC_ISA_USAGE = YES_ERROR;
				CLANG_WARN_EMPTY_BODY = YES;
				CLANG_WARN_ENUM_CONVERSION = YES;
				CLANG_WARN_INFINITE_RECURSION = YES;
				CLANG_WARN_INT_CONVERSION = YES;
				CLANG_WARN_NON_LITERAL_NULL_CONVERSION = YES;
				CLANG_WARN_OBJC_IMPLICIT_RETAIN_SELF = YES;
				CLANG_WARN_OBJC_LITERAL_CONVERSION = YES;
				CLANG_WARN_OBJC_ROOT_CLASS = YES_ERROR;
				CLANG_WARN_QUOTED_INCLUDE_IN_FRAMEWORK_HEADER = YES;
				CLANG_WARN_RANGE_LOOP_ANALYSIS = YES;
				CLANG_WARN_STRICT_PROTOTYPES = YES;
				CLANG_WARN_SUSPICIOUS_MOVE = YES;
				CLANG_WARN_UNREACHABLE_CODE = YES;
				CLANG_WARN__DUPLICATE_METHOD_MATCH = YES;
				"CODE_SIGN_IDENTITY[sdk=iphoneos*]" = "iPhone Developer";
				COPY_PHASE_STRIP = NO;
				DEBUG_INFORMATION_FORMAT = "dwarf-with-dsym";
				ENABLE_NS_ASSERTIONS = NO;
				ENABLE_STRICT_OBJC_MSGSEND = YES;
				ENABLE_USER_SCRIPT_SANDBOXING = NO;
				GCC_C_LANGUAGE_STANDARD = gnu99;
				GCC_NO_COMMON_BLOCKS = YES;
				GCC_WARN_64_TO_32_BIT_CONVERSION = YES;
				GCC_WARN_ABOUT_RETURN_TYPE = YES_ERROR;
				GCC_WARN_UNDECLARED_SELECTOR = YES;
				GCC_WARN_UNINITIALIZED_AUTOS = YES_AGGRESSIVE;
				GCC_WARN_UNUSED_FUNCTION = YES;
				GCC_WARN_UNUSED_VARIABLE = YES;
				IPHONEOS_DEPLOYMENT_TARGET = 12.0;
				MTL_ENABLE_DEBUG_INFO = NO;
				SDKROOT = iphoneos;
				SUPPORTED_PLATFORMS = iphoneos;
				TARGETED_DEVICE_FAMILY = "1,2";
				VALIDATE_PRODUCT = YES;
			};
			name = Profile;
		};
		249021D4217E4FDB00AE95B9 /* Profile */ = {
			isa = XCBuildConfiguration;
			baseConfigurationReference = 7AFA3C8E1D35360C0083082E /* Release.xcconfig */;
			buildSettings = {
				ALWAYS_EMBED_SWIFT_STANDARD_LIBRARIES = YES;
				ASSETCATALOG_COMPILER_APPICON_NAME = AppIcon;
				CLANG_ENABLE_MODULES = YES;
				CODE_SIGN_ENTITLEMENTS = Runner/Runner.entitlements;
				CURRENT_PROJECT_VERSION = "$(FLUTTER_BUILD_NUMBER)";
				DEVELOPMENT_TEAM = FS3Y683FH6;
				ENABLE_BITCODE = NO;
				INFOPLIST_FILE = Runner/Info.plist;
				LD_RUNPATH_SEARCH_PATHS = (
					"$(inherited)",
					"@executable_path/Frameworks",
				);
				PRODUCT_BUNDLE_IDENTIFIER = com.plin.ball.stickers;
				PRODUCT_NAME = "$(TARGET_NAME)";
				SWIFT_OBJC_BRIDGING_HEADER = "Runner/Runner-Bridging-Header.h";
				SWIFT_VERSION = 5.0;
				VERSIONING_SYSTEM = "apple-generic";
			};
			name = Profile;
		};
		331C8088294A63A400263BE5 /* Debug */ = {
			isa = XCBuildConfiguration;
			baseConfigurationReference = 9AF9B5F266ED0B8465BCD981 /* Pods-RunnerTests.debug.xcconfig */;
			buildSettings = {
				BUNDLE_LOADER = "$(TEST_HOST)";
				CODE_SIGN_STYLE = Automatic;
				CURRENT_PROJECT_VERSION = 1;
				GENERATE_INFOPLIST_FILE = YES;
				MARKETING_VERSION = 1.0;
				PRODUCT_BUNDLE_IDENTIFIER = com.example.plinBallSticker.RunnerTests;
				PRODUCT_NAME = "$(TARGET_NAME)";
				SWIFT_ACTIVE_COMPILATION_CONDITIONS = DEBUG;
				SWIFT_OPTIMIZATION_LEVEL = "-Onone";
				SWIFT_VERSION = 5.0;
				TEST_HOST = "$(BUILT_PRODUCTS_DIR)/Runner.app/$(BUNDLE_EXECUTABLE_FOLDER_PATH)/Runner";
			};
			name = Debug;
		};
		331C8089294A63A400263BE5 /* Release */ = {
			isa = XCBuildConfiguration;
			baseConfigurationReference = F264FDEBA4CE8E48C808DFD0 /* Pods-RunnerTests.release.xcconfig */;
			buildSettings = {
				BUNDLE_LOADER = "$(TEST_HOST)";
				CODE_SIGN_STYLE = Automatic;
				CURRENT_PROJECT_VERSION = 1;
				GENERATE_INFOPLIST_FILE = YES;
				MARKETING_VERSION = 1.0;
				PRODUCT_BUNDLE_IDENTIFIER = com.example.plinBallSticker.RunnerTests;
				PRODUCT_NAME = "$(TARGET_NAME)";
				SWIFT_VERSION = 5.0;
				TEST_HOST = "$(BUILT_PRODUCTS_DIR)/Runner.app/$(BUNDLE_EXECUTABLE_FOLDER_PATH)/Runner";
			};
			name = Release;
		};
		331C808A294A63A400263BE5 /* Profile */ = {
			isa = XCBuildConfiguration;
			baseConfigurationReference = 2A9E9E54428032A95AD056F7 /* Pods-RunnerTests.profile.xcconfig */;
			buildSettings = {
				BUNDLE_LOADER = "$(TEST_HOST)";
				CODE_SIGN_STYLE = Automatic;
				CURRENT_PROJECT_VERSION = 1;
				GENERATE_INFOPLIST_FILE = YES;
				MARKETING_VERSION = 1.0;
				PRODUCT_BUNDLE_IDENTIFIER = com.example.plinBallSticker.RunnerTests;
				PRODUCT_NAME = "$(TARGET_NAME)";
				SWIFT_VERSION = 5.0;
				TEST_HOST = "$(BUILT_PRODUCTS_DIR)/Runner.app/$(BUNDLE_EXECUTABLE_FOLDER_PATH)/Runner";
			};
			name = Profile;
		};
		8749942D2C90ABB0001A8820 /* Debug */ = {
			isa = XCBuildConfiguration;
			buildSettings = {
				ASSETCATALOG_COMPILER_APPICON_NAME = "iMessage App Icon";
				CLANG_ANALYZER_NUMBER_OBJECT_CONVERSION = YES_AGGRESSIVE;
				CLANG_CXX_LANGUAGE_STANDARD = "gnu++20";
				CLANG_ENABLE_OBJC_WEAK = YES;
				CLANG_WARN_DOCUMENTATION_COMMENTS = YES;
				CLANG_WARN_UNGUARDED_AVAILABILITY = YES_AGGRESSIVE;
				CODE_SIGN_ENTITLEMENTS = PlinPack/PlinPack.entitlements;
				CODE_SIGN_STYLE = Automatic;
				CURRENT_PROJECT_VERSION = 1;
				DEVELOPMENT_TEAM = FS3Y683FH6;
				ENABLE_USER_SCRIPT_SANDBOXING = YES;
				GCC_C_LANGUAGE_STANDARD = gnu17;
				GENERATE_INFOPLIST_FILE = YES;
				INFOPLIST_FILE = PlinPack/Info.plist;
				INFOPLIST_KEY_CFBundleDisplayName = PlinPack;
				INFOPLIST_KEY_NSHumanReadableCopyright = "";
				IPHONEOS_DEPLOYMENT_TARGET = 12.0;
				LD_RUNPATH_SEARCH_PATHS = (
					"$(inherited)",
					"@executable_path/Frameworks",
					"@executable_path/../../Frameworks",
				);
				LOCALIZATION_PREFERS_STRING_CATALOGS = YES;
				MARKETING_VERSION = 1.0;
				MTL_ENABLE_DEBUG_INFO = INCLUDE_SOURCE;
				MTL_FAST_MATH = YES;
				PRODUCT_BUNDLE_IDENTIFIER = com.plin.ball.stickers.PlinPack;
				PRODUCT_NAME = "$(TARGET_NAME)";
				SKIP_INSTALL = YES;
				SWIFT_ACTIVE_COMPILATION_CONDITIONS = "DEBUG $(inherited)";
				SWIFT_EMIT_LOC_STRINGS = YES;
				SWIFT_OPTIMIZATION_LEVEL = "-Onone";
				SWIFT_VERSION = 5.0;
				TARGETED_DEVICE_FAMILY = "1,2";
			};
			name = Debug;
		};
		8749942E2C90ABB0001A8820 /* Release */ = {
			isa = XCBuildConfiguration;
			buildSettings = {
				ASSETCATALOG_COMPILER_APPICON_NAME = "iMessage App Icon";
				CLANG_ANALYZER_NUMBER_OBJECT_CONVERSION = YES_AGGRESSIVE;
				CLANG_CXX_LANGUAGE_STANDARD = "gnu++20";
				CLANG_ENABLE_OBJC_WEAK = YES;
				CLANG_WARN_DOCUMENTATION_COMMENTS = YES;
				CLANG_WARN_UNGUARDED_AVAILABILITY = YES_AGGRESSIVE;
				CODE_SIGN_ENTITLEMENTS = PlinPack/PlinPack.entitlements;
				CODE_SIGN_STYLE = Automatic;
				CURRENT_PROJECT_VERSION = 1;
				DEVELOPMENT_TEAM = FS3Y683FH6;
				ENABLE_USER_SCRIPT_SANDBOXING = YES;
				GCC_C_LANGUAGE_STANDARD = gnu17;
				GENERATE_INFOPLIST_FILE = YES;
				INFOPLIST_FILE = PlinPack/Info.plist;
				INFOPLIST_KEY_CFBundleDisplayName = PlinPack;
				INFOPLIST_KEY_NSHumanReadableCopyright = "";
				IPHONEOS_DEPLOYMENT_TARGET = 12.0;
				LD_RUNPATH_SEARCH_PATHS = (
					"$(inherited)",
					"@executable_path/Frameworks",
					"@executable_path/../../Frameworks",
				);
				LOCALIZATION_PREFERS_STRING_CATALOGS = YES;
				MARKETING_VERSION = 1.0;
				MTL_FAST_MATH = YES;
				PRODUCT_BUNDLE_IDENTIFIER = com.plin.ball.stickers.PlinPack;
				PRODUCT_NAME = "$(TARGET_NAME)";
				SKIP_INSTALL = YES;
				SWIFT_EMIT_LOC_STRINGS = YES;
				SWIFT_VERSION = 5.0;
				TARGETED_DEVICE_FAMILY = "1,2";
			};
			name = Release;
		};
		8749942F2C90ABB0001A8820 /* Profile */ = {
			isa = XCBuildConfiguration;
			buildSettings = {
				ASSETCATALOG_COMPILER_APPICON_NAME = "iMessage App Icon";
				CLANG_ANALYZER_NUMBER_OBJECT_CONVERSION = YES_AGGRESSIVE;
				CLANG_CXX_LANGUAGE_STANDARD = "gnu++20";
				CLANG_ENABLE_OBJC_WEAK = YES;
				CLANG_WARN_DOCUMENTATION_COMMENTS = YES;
				CLANG_WARN_UNGUARDED_AVAILABILITY = YES_AGGRESSIVE;
				CODE_SIGN_ENTITLEMENTS = PlinPack/PlinPack.entitlements;
				CODE_SIGN_STYLE = Automatic;
				CURRENT_PROJECT_VERSION = 1;
				DEVELOPMENT_TEAM = FS3Y683FH6;
				ENABLE_USER_SCRIPT_SANDBOXING = YES;
				GCC_C_LANGUAGE_STANDARD = gnu17;
				GENERATE_INFOPLIST_FILE = YES;
				INFOPLIST_FILE = PlinPack/Info.plist;
				INFOPLIST_KEY_CFBundleDisplayName = PlinPack;
				INFOPLIST_KEY_NSHumanReadableCopyright = "";
				IPHONEOS_DEPLOYMENT_TARGET = 12.0;
				LD_RUNPATH_SEARCH_PATHS = (
					"$(inherited)",
					"@executable_path/Frameworks",
					"@executable_path/../../Frameworks",
				);
				LOCALIZATION_PREFERS_STRING_CATALOGS = YES;
				MARKETING_VERSION = 1.0;
				MTL_FAST_MATH = YES;
				PRODUCT_BUNDLE_IDENTIFIER = com.plin.ball.stickers.PlinPack;
				PRODUCT_NAME = "$(TARGET_NAME)";
				SKIP_INSTALL = YES;
				SWIFT_EMIT_LOC_STRINGS = YES;
				SWIFT_VERSION = 5.0;
				TARGETED_DEVICE_FAMILY = "1,2";
			};
			name = Profile;
		};
		97C147031CF9000F007C117D /* Debug */ = {
			isa = XCBuildConfiguration;
			buildSettings = {
				ALWAYS_SEARCH_USER_PATHS = NO;
				ASSETCATALOG_COMPILER_GENERATE_SWIFT_ASSET_SYMBOL_EXTENSIONS = YES;
				CLANG_ANALYZER_NONNULL = YES;
				CLANG_CXX_LANGUAGE_STANDARD = "gnu++0x";
				CLANG_CXX_LIBRARY = "libc++";
				CLANG_ENABLE_MODULES = YES;
				CLANG_ENABLE_OBJC_ARC = YES;
				CLANG_WARN_BLOCK_CAPTURE_AUTORELEASING = YES;
				CLANG_WARN_BOOL_CONVERSION = YES;
				CLANG_WARN_COMMA = YES;
				CLANG_WARN_CONSTANT_CONVERSION = YES;
				CLANG_WARN_DEPRECATED_OBJC_IMPLEMENTATIONS = YES;
				CLANG_WARN_DIRECT_OBJC_ISA_USAGE = YES_ERROR;
				CLANG_WARN_EMPTY_BODY = YES;
				CLANG_WARN_ENUM_CONVERSION = YES;
				CLANG_WARN_INFINITE_RECURSION = YES;
				CLANG_WARN_INT_CONVERSION = YES;
				CLANG_WARN_NON_LITERAL_NULL_CONVERSION = YES;
				CLANG_WARN_OBJC_IMPLICIT_RETAIN_SELF = YES;
				CLANG_WARN_OBJC_LITERAL_CONVERSION = YES;
				CLANG_WARN_OBJC_ROOT_CLASS = YES_ERROR;
				CLANG_WARN_QUOTED_INCLUDE_IN_FRAMEWORK_HEADER = YES;
				CLANG_WARN_RANGE_LOOP_ANALYSIS = YES;
				CLANG_WARN_STRICT_PROTOTYPES = YES;
				CLANG_WARN_SUSPICIOUS_MOVE = YES;
				CLANG_WARN_UNREACHABLE_CODE = YES;
				CLANG_WARN__DUPLICATE_METHOD_MATCH = YES;
				"CODE_SIGN_IDENTITY[sdk=iphoneos*]" = "iPhone Developer";
				COPY_PHASE_STRIP = NO;
				DEBUG_INFORMATION_FORMAT = dwarf;
				ENABLE_STRICT_OBJC_MSGSEND = YES;
				ENABLE_TESTABILITY = YES;
				ENABLE_USER_SCRIPT_SANDBOXING = NO;
				GCC_C_LANGUAGE_STANDARD = gnu99;
				GCC_DYNAMIC_NO_PIC = NO;
				GCC_NO_COMMON_BLOCKS = YES;
				GCC_OPTIMIZATION_LEVEL = 0;
				GCC_PREPROCESSOR_DEFINITIONS = (
					"DEBUG=1",
					"$(inherited)",
				);
				GCC_WARN_64_TO_32_BIT_CONVERSION = YES;
				GCC_WARN_ABOUT_RETURN_TYPE = YES_ERROR;
				GCC_WARN_UNDECLARED_SELECTOR = YES;
				GCC_WARN_UNINITIALIZED_AUTOS = YES_AGGRESSIVE;
				GCC_WARN_UNUSED_FUNCTION = YES;
				GCC_WARN_UNUSED_VARIABLE = YES;
				IPHONEOS_DEPLOYMENT_TARGET = 12.0;
				MTL_ENABLE_DEBUG_INFO = YES;
				ONLY_ACTIVE_ARCH = YES;
				SDKROOT = iphoneos;
				TARGETED_DEVICE_FAMILY = "1,2";
			};
			name = Debug;
		};
		97C147041CF9000F007C117D /* Release */ = {
			isa = XCBuildConfiguration;
			buildSettings = {
				ALWAYS_SEARCH_USER_PATHS = NO;
				ASSETCATALOG_COMPILER_GENERATE_SWIFT_ASSET_SYMBOL_EXTENSIONS = YES;
				CLANG_ANALYZER_NONNULL = YES;
				CLANG_CXX_LANGUAGE_STANDARD = "gnu++0x";
				CLANG_CXX_LIBRARY = "libc++";
				CLANG_ENABLE_MODULES = YES;
				CLANG_ENABLE_OBJC_ARC = YES;
				CLANG_WARN_BLOCK_CAPTURE_AUTORELEASING = YES;
				CLANG_WARN_BOOL_CONVERSION = YES;
				CLANG_WARN_COMMA = YES;
				CLANG_WARN_CONSTANT_CONVERSION = YES;
				CLANG_WARN_DEPRECATED_OBJC_IMPLEMENTATIONS = YES;
				CLANG_WARN_DIRECT_OBJC_ISA_USAGE = YES_ERROR;
				CLANG_WARN_EMPTY_BODY = YES;
				CLANG_WARN_ENUM_CONVERSION = YES;
				CLANG_WARN_INFINITE_RECURSION = YES;
				CLANG_WARN_INT_CONVERSION = YES;
				CLANG_WARN_NON_LITERAL_NULL_CONVERSION = YES;
				CLANG_WARN_OBJC_IMPLICIT_RETAIN_SELF = YES;
				CLANG_WARN_OBJC_LITERAL_CONVERSION = YES;
				CLANG_WARN_OBJC_ROOT_CLASS = YES_ERROR;
				CLANG_WARN_QUOTED_INCLUDE_IN_FRAMEWORK_HEADER = YES;
				CLANG_WARN_RANGE_LOOP_ANALYSIS = YES;
				CLANG_WARN_STRICT_PROTOTYPES = YES;
				CLANG_WARN_SUSPICIOUS_MOVE = YES;
				CLANG_WARN_UNREACHABLE_CODE = YES;
				CLANG_WARN__DUPLICATE_METHOD_MATCH = YES;
				"CODE_SIGN_IDENTITY[sdk=iphoneos*]" = "iPhone Developer";
				COPY_PHASE_STRIP = NO;
				DEBUG_INFORMATION_FORMAT = "dwarf-with-dsym";
				ENABLE_NS_ASSERTIONS = NO;
				ENABLE_STRICT_OBJC_MSGSEND = YES;
				ENABLE_USER_SCRIPT_SANDBOXING = NO;
				GCC_C_LANGUAGE_STANDARD = gnu99;
				GCC_NO_COMMON_BLOCKS = YES;
				GCC_WARN_64_TO_32_BIT_CONVERSION = YES;
				GCC_WARN_ABOUT_RETURN_TYPE = YES_ERROR;
				GCC_WARN_UNDECLARED_SELECTOR = YES;
				GCC_WARN_UNINITIALIZED_AUTOS = YES_AGGRESSIVE;
				GCC_WARN_UNUSED_FUNCTION = YES;
				GCC_WARN_UNUSED_VARIABLE = YES;
				IPHONEOS_DEPLOYMENT_TARGET = 12.0;
				MTL_ENABLE_DEBUG_INFO = NO;
				SDKROOT = iphoneos;
				SUPPORTED_PLATFORMS = iphoneos;
				SWIFT_COMPILATION_MODE = wholemodule;
				SWIFT_OPTIMIZATION_LEVEL = "-O";
				TARGETED_DEVICE_FAMILY = "1,2";
				VALIDATE_PRODUCT = YES;
			};
			name = Release;
		};
		97C147061CF9000F007C117D /* Debug */ = {
			isa = XCBuildConfiguration;
			baseConfigurationReference = 9740EEB21CF90195004384FC /* Debug.xcconfig */;
			buildSettings = {
				ALWAYS_EMBED_SWIFT_STANDARD_LIBRARIES = YES;
				ASSETCATALOG_COMPILER_APPICON_NAME = AppIcon;
				CLANG_ENABLE_MODULES = YES;
				CODE_SIGN_ENTITLEMENTS = Runner/Runner.entitlements;
				CURRENT_PROJECT_VERSION = "$(FLUTTER_BUILD_NUMBER)";
				DEVELOPMENT_TEAM = FS3Y683FH6;
				ENABLE_BITCODE = NO;
				INFOPLIST_FILE = Runner/Info.plist;
				LD_RUNPATH_SEARCH_PATHS = (
					"$(inherited)",
					"@executable_path/Frameworks",
				);
				PRODUCT_BUNDLE_IDENTIFIER = com.plin.ball.stickers;
				PRODUCT_NAME = "$(TARGET_NAME)";
				SWIFT_OBJC_BRIDGING_HEADER = "Runner/Runner-Bridging-Header.h";
				SWIFT_OPTIMIZATION_LEVEL = "-Onone";
				SWIFT_VERSION = 5.0;
				VERSIONING_SYSTEM = "apple-generic";
			};
			name = Debug;
		};
		97C147071CF9000F007C117D /* Release */ = {
			isa = XCBuildConfiguration;
			baseConfigurationReference = 7AFA3C8E1D35360C0083082E /* Release.xcconfig */;
			buildSettings = {
				ALWAYS_EMBED_SWIFT_STANDARD_LIBRARIES = YES;
				ASSETCATALOG_COMPILER_APPICON_NAME = AppIcon;
				CLANG_ENABLE_MODULES = YES;
				CODE_SIGN_ENTITLEMENTS = Runner/Runner.entitlements;
				CURRENT_PROJECT_VERSION = "$(FLUTTER_BUILD_NUMBER)";
				DEVELOPMENT_TEAM = FS3Y683FH6;
				ENABLE_BITCODE = NO;
				INFOPLIST_FILE = Runner/Info.plist;
				LD_RUNPATH_SEARCH_PATHS = (
					"$(inherited)",
					"@executable_path/Frameworks",
				);
				PRODUCT_BUNDLE_IDENTIFIER = com.plin.ball.stickers;
				PRODUCT_NAME = "$(TARGET_NAME)";
				SWIFT_OBJC_BRIDGING_HEADER = "Runner/Runner-Bridging-Header.h";
				SWIFT_VERSION = 5.0;
				VERSIONING_SYSTEM = "apple-generic";
			};
			name = Release;
		};
/* End XCBuildConfiguration section */

/* Begin XCConfigurationList section */
		331C8087294A63A400263BE5 /* Build configuration list for PBXNativeTarget "RunnerTests" */ = {
			isa = XCConfigurationList;
			buildConfigurations = (
				331C8088294A63A400263BE5 /* Debug */,
				331C8089294A63A400263BE5 /* Release */,
				331C808A294A63A400263BE5 /* Profile */,
			);
			defaultConfigurationIsVisible = 0;
			defaultConfigurationName = Release;
		};
		8749942C2C90ABB0001A8820 /* Build configuration list for PBXNativeTarget "PlinPack" */ = {
			isa = XCConfigurationList;
			buildConfigurations = (
				8749942D2C90ABB0001A8820 /* Debug */,
				8749942E2C90ABB0001A8820 /* Release */,
				8749942F2C90ABB0001A8820 /* Profile */,
			);
			defaultConfigurationIsVisible = 0;
			defaultConfigurationName = Release;
		};
		97C146E91CF9000F007C117D /* Build configuration list for PBXProject "Runner" */ = {
			isa = XCConfigurationList;
			buildConfigurations = (
				97C147031CF9000F007C117D /* Debug */,
				97C147041CF9000F007C117D /* Release */,
				249021D3217E4FDB00AE95B9 /* Profile */,
			);
			defaultConfigurationIsVisible = 0;
			defaultConfigurationName = Release;
		};
		97C147051CF9000F007C117D /* Build configuration list for PBXNativeTarget "Runner" */ = {
			isa = XCConfigurationList;
			buildConfigurations = (
				97C147061CF9000F007C117D /* Debug */,
				97C147071CF9000F007C117D /* Release */,
				249021D4217E4FDB00AE95B9 /* Profile */,
			);
			defaultConfigurationIsVisible = 0;
			defaultConfigurationName = Release;
		};
/* End XCConfigurationList section */
	};
	rootObject = 97C146E61CF9000F007C117D /* Project object */;
}
